Microsoft Visual Studio Solution File, Format Version 12.00
# Visual Studio Version 17
VisualStudioVersion = 17.5.2.0
MinimumVisualStudioVersion = 10.0.40219.1
Project("{FAE04EC0-301F-11D3-BF4B-00C04F79EFBC}") = "PokemonApi", "PokemonApi\PokemonApi.csproj", "{4F7D7E14-352B-921F-0930-E0F289571E01}"
EndProject
Global
	GlobalSection(SolutionConfigurationPlatforms) = preSolution
		Debug|Any CPU = Debug|Any CPU
		Release|Any CPU = Release|Any CPU
	EndGlobalSection
	GlobalSection(ProjectConfigurationPlatforms) = postSolution
		{4F7D7E14-352B-921F-0930-E0F289571E01}.Debug|Any CPU.ActiveCfg = Debug|Any CPU
		{4F7D7E14-352B-921F-0930-E0F289571E01}.Debug|Any CPU.Build.0 = Debug|Any CPU
		{4F7D7E14-352B-921F-0930-E0F289571E01}.Release|Any CPU.ActiveCfg = Release|Any CPU
		{4F7D7E14-352B-921F-0930-E0F289571E01}.Release|Any CPU.Build.0 = Release|Any CPU
	EndGlobalSection
	GlobalSection(SolutionProperties) = preSolution
		HideSolutionNode = FALSE
	EndGlobalSection
	GlobalSection(ExtensibilityGlobals) = postSolution
		SolutionGuid = {22118F1E-618B-4BDA-8FE9-536658290BB0}
	EndGlobalSection
EndGlobal
